// !$*UTF8*$!
{
	archiveVersion = 1;
	classes = {
	};
	objectVersion = 50;
	objects = {

/* Begin PBXBuildFile section */
		678835F9240A5BD800E3AD8B /* AppDelegate.swift in Sources */ = {isa = PBXBuildFile; fileRef = 678835F8240A5BD800E3AD8B /* AppDelegate.swift */; };
		678835FB240A5BD800E3AD8B /* SceneDelegate.swift in Sources */ = {isa = PBXBuildFile; fileRef = 678835FA240A5BD800E3AD8B /* SceneDelegate.swift */; };
		67883602240A5BD800E3AD8B /* Main.storyboard in Resources */ = {isa = PBXBuildFile; fileRef = 67883600240A5BD800E3AD8B /* Main.storyboard */; };
		67883605240A5BD800E3AD8B /* Swing_U_RFID.xcdatamodeld in Sources */ = {isa = PBXBuildFile; fileRef = 67883603240A5BD800E3AD8B /* Swing_U_RFID.xcdatamodeld */; };
		67883607240A5BDD00E3AD8B /* Assets.xcassets in Resources */ = {isa = PBXBuildFile; fileRef = 67883606240A5BDD00E3AD8B /* Assets.xcassets */; };
		6788360A240A5BDD00E3AD8B /* LaunchScreen.storyboard in Resources */ = {isa = PBXBuildFile; fileRef = 67883608240A5BDD00E3AD8B /* LaunchScreen.storyboard */; };
		67883613240A5C3100E3AD8B /* ScannerListViewController.swift in Sources */ = {isa = PBXBuildFile; fileRef = 67883612240A5C3100E3AD8B /* ScannerListViewController.swift */; };
		67883616240A5C4C00E3AD8B /* ItemInventoryViewController.swift in Sources */ = {isa = PBXBuildFile; fileRef = 67883615240A5C4C00E3AD8B /* ItemInventoryViewController.swift */; };
		67883619240A5C5C00E3AD8B /* TagWriteViewController.swift in Sources */ = {isa = PBXBuildFile; fileRef = 67883618240A5C5C00E3AD8B /* TagWriteViewController.swift */; };
		6788361C240A5C7F00E3AD8B /* InventoryManagementViewController.swift in Sources */ = {isa = PBXBuildFile; fileRef = 6788361B240A5C7F00E3AD8B /* InventoryManagementViewController.swift */; };
		6788361F240A5C9400E3AD8B /* TagListSearchViewController.swift in Sources */ = {isa = PBXBuildFile; fileRef = 6788361E240A5C9400E3AD8B /* TagListSearchViewController.swift */; };
		67883622240A5CA900E3AD8B /* ScannerSettingViewController.swift in Sources */ = {isa = PBXBuildFile; fileRef = 67883621240A5CA900E3AD8B /* ScannerSettingViewController.swift */; };
		67883625240A5CBA00E3AD8B /* MemoryAccessViewController.swift in Sources */ = {isa = PBXBuildFile; fileRef = 67883624240A5CBA00E3AD8B /* MemoryAccessViewController.swift */; };
		67883627240A605800E3AD8B /* ScannerList.storyboard in Resources */ = {isa = PBXBuildFile; fileRef = 67883626240A605800E3AD8B /* ScannerList.storyboard */; };
		67883629240A628D00E3AD8B /* ItemInventory.storyboard in Resources */ = {isa = PBXBuildFile; fileRef = 67883628240A628D00E3AD8B /* ItemInventory.storyboard */; };
		6788362B240A62EE00E3AD8B /* TagWrite.storyboard in Resources */ = {isa = PBXBuildFile; fileRef = 6788362A240A62EE00E3AD8B /* TagWrite.storyboard */; };
		6788362D240A639800E3AD8B /* InventoryManagement.storyboard in Resources */ = {isa = PBXBuildFile; fileRef = 6788362C240A639800E3AD8B /* InventoryManagement.storyboard */; };
		6788362F240A63ED00E3AD8B /* TagListSearch.storyboard in Resources */ = {isa = PBXBuildFile; fileRef = 6788362E240A63ED00E3AD8B /* TagListSearch.storyboard */; };
		67883631240A644C00E3AD8B /* ScannerSetting.storyboard in Resources */ = {isa = PBXBuildFile; fileRef = 67883630240A644C00E3AD8B /* ScannerSetting.storyboard */; };
		67883633240A64BA00E3AD8B /* MemoryAccess.storyboard in Resources */ = {isa = PBXBuildFile; fileRef = 67883632240A64BA00E3AD8B /* MemoryAccess.storyboard */; };
		67883638240A6AD400E3AD8B /* BLEDevice.m in Sources */ = {isa = PBXBuildFile; fileRef = 67883636240A6AD400E3AD8B /* BLEDevice.m */; };
		6788363B240A6AE600E3AD8B /* BLEUtility.m in Sources */ = {isa = PBXBuildFile; fileRef = 67883639240A6AE600E3AD8B /* BLEUtility.m */; };
		67883642240A6AFB00E3AD8B /* SwingApi.m in Sources */ = {isa = PBXBuildFile; fileRef = 6788363C240A6AFB00E3AD8B /* SwingApi.m */; };
		67883643240A6AFB00E3AD8B /* SwingDevice.m in Sources */ = {isa = PBXBuildFile; fileRef = 6788363F240A6AFB00E3AD8B /* SwingDevice.m */; };
		67883644240A6AFB00E3AD8B /* SwingProtocol.m in Sources */ = {isa = PBXBuildFile; fileRef = 67883641240A6AFB00E3AD8B /* SwingProtocol.m */; };
		67883647240A6B0800E3AD8B /* DBInterface.m in Sources */ = {isa = PBXBuildFile; fileRef = 67883645240A6B0800E3AD8B /* DBInterface.m */; };
		6788364A240A6B1200E3AD8B /* InventoryItems.m in Sources */ = {isa = PBXBuildFile; fileRef = 67883649240A6B1200E3AD8B /* InventoryItems.m */; };
/* End PBXBuildFile section */

/* Begin PBXFileReference section */
		678835F5240A5BD800E3AD8B /* Swing-U RFID.app */ = {isa = PBXFileReference; explicitFileType = wrapper.application; includeInIndex = 0; path = "Swing-U RFID.app"; sourceTree = BUILT_PRODUCTS_DIR; };
		678835F8240A5BD800E3AD8B /* AppDelegate.swift */ = {isa = PBXFileReference; lastKnownFileType = sourcecode.swift; path = AppDelegate.swift; sourceTree = "<group>"; };
		678835FA240A5BD800E3AD8B /* SceneDelegate.swift */ = {isa = PBXFileReference; lastKnownFileType = sourcecode.swift; path = SceneDelegate.swift; sourceTree = "<group>"; };
		67883601240A5BD800E3AD8B /* Base */ = {isa = PBXFileReference; lastKnownFileType = file.storyboard; name = Base; path = Base.lproj/Main.storyboard; sourceTree = "<group>"; };
		67883604240A5BD800E3AD8B /* Swing_U_RFID.xcdatamodel */ = {isa = PBXFileReference; lastKnownFileType = wrapper.xcdatamodel; path = Swing_U_RFID.xcdatamodel; sourceTree = "<group>"; };
		67883606240A5BDD00E3AD8B /* Assets.xcassets */ = {isa = PBXFileReference; lastKnownFileType = folder.assetcatalog; path = Assets.xcassets; sourceTree = "<group>"; };
		67883609240A5BDD00E3AD8B /* Base */ = {isa = PBXFileReference; lastKnownFileType = file.storyboard; name = Base; path = Base.lproj/LaunchScreen.storyboard; sourceTree = "<group>"; };
		6788360B240A5BDD00E3AD8B /* Info.plist */ = {isa = PBXFileReference; lastKnownFileType = text.plist.xml; path = Info.plist; sourceTree = "<group>"; };
		67883612240A5C3100E3AD8B /* ScannerListViewController.swift */ = {isa = PBXFileReference; lastKnownFileType = sourcecode.swift; path = ScannerListViewController.swift; sourceTree = "<group>"; };
		67883615240A5C4C00E3AD8B /* ItemInventoryViewController.swift */ = {isa = PBXFileReference; lastKnownFileType = sourcecode.swift; path = ItemInventoryViewController.swift; sourceTree = "<group>"; };
		67883618240A5C5C00E3AD8B /* TagWriteViewController.swift */ = {isa = PBXFileReference; lastKnownFileType = sourcecode.swift; path = TagWriteViewController.swift; sourceTree = "<group>"; };
		6788361B240A5C7F00E3AD8B /* InventoryManagementViewController.swift */ = {isa = PBXFileReference; lastKnownFileType = sourcecode.swift; path = InventoryManagementViewController.swift; sourceTree = "<group>"; };
		6788361E240A5C9400E3AD8B /* TagListSearchViewController.swift */ = {isa = PBXFileReference; lastKnownFileType = sourcecode.swift; path = TagListSearchViewController.swift; sourceTree = "<group>"; };
		67883621240A5CA900E3AD8B /* ScannerSettingViewController.swift */ = {isa = PBXFileReference; lastKnownFileType = sourcecode.swift; path = ScannerSettingViewController.swift; sourceTree = "<group>"; };
		67883624240A5CBA00E3AD8B /* MemoryAccessViewController.swift */ = {isa = PBXFileReference; lastKnownFileType = sourcecode.swift; path = MemoryAccessViewController.swift; sourceTree = "<group>"; };
		67883626240A605800E3AD8B /* ScannerList.storyboard */ = {isa = PBXFileReference; lastKnownFileType = file.storyboard; path = ScannerList.storyboard; sourceTree = "<group>"; };
		67883628240A628D00E3AD8B /* ItemInventory.storyboard */ = {isa = PBXFileReference; lastKnownFileType = file.storyboard; path = ItemInventory.storyboard; sourceTree = "<group>"; };
		6788362A240A62EE00E3AD8B /* TagWrite.storyboard */ = {isa = PBXFileReference; lastKnownFileType = file.storyboard; path = TagWrite.storyboard; sourceTree = "<group>"; };
		6788362C240A639800E3AD8B /* InventoryManagement.storyboard */ = {isa = PBXFileReference; lastKnownFileType = file.storyboard; path = InventoryManagement.storyboard; sourceTree = "<group>"; };
		6788362E240A63ED00E3AD8B /* TagListSearch.storyboard */ = {isa = PBXFileReference; lastKnownFileType = file.storyboard; path = TagListSearch.storyboard; sourceTree = "<group>"; };
		67883630240A644C00E3AD8B /* ScannerSetting.storyboard */ = {isa = PBXFileReference; lastKnownFileType = file.storyboard; path = ScannerSetting.storyboard; sourceTree = "<group>"; };
		67883632240A64BA00E3AD8B /* MemoryAccess.storyboard */ = {isa = PBXFileReference; lastKnownFileType = file.storyboard; path = MemoryAccess.storyboard; sourceTree = "<group>"; };
		67883635240A6AD300E3AD8B /* Swing-U RFID-Bridging-Header.h */ = {isa = PBXFileReference; lastKnownFileType = sourcecode.c.h; path = "Swing-U RFID-Bridging-Header.h"; sourceTree = "<group>"; };
		67883636240A6AD400E3AD8B /* BLEDevice.m */ = {isa = PBXFileReference; fileEncoding = 4; lastKnownFileType = sourcecode.c.objc; path = BLEDevice.m; sourceTree = "<group>"; };
		67883637240A6AD400E3AD8B /* BLEDevice.h */ = {isa = PBXFileReference; fileEncoding = 4; lastKnownFileType = sourcecode.c.h; path = BLEDevice.h; sourceTree = "<group>"; };
		67883639240A6AE600E3AD8B /* BLEUtility.m */ = {isa = PBXFileReference; fileEncoding = 4; lastKnownFileType = sourcecode.c.objc; path = BLEUtility.m; sourceTree = "<group>"; };
		6788363A240A6AE600E3AD8B /* BLEUtility.h */ = {isa = PBXFileReference; fileEncoding = 4; lastKnownFileType = sourcecode.c.h; path = BLEUtility.h; sourceTree = "<group>"; };
		6788363C240A6AFB00E3AD8B /* SwingApi.m */ = {isa = PBXFileReference; fileEncoding = 4; lastKnownFileType = sourcecode.c.objc; path = SwingApi.m; sourceTree = "<group>"; };
		6788363D240A6AFB00E3AD8B /* SwingApi.h */ = {isa = PBXFileReference; fileEncoding = 4; lastKnownFileType = sourcecode.c.h; path = SwingApi.h; sourceTree = "<group>"; };
		6788363E240A6AFB00E3AD8B /* SwingDevice.h */ = {isa = PBXFileReference; fileEncoding = 4; lastKnownFileType = sourcecode.c.h; path = SwingDevice.h; sourceTree = "<group>"; };
		6788363F240A6AFB00E3AD8B /* SwingDevice.m */ = {isa = PBXFileReference; fileEncoding = 4; lastKnownFileType = sourcecode.c.objc; path = SwingDevice.m; sourceTree = "<group>"; };
		67883640240A6AFB00E3AD8B /* SwingProtocol.h */ = {isa = PBXFileReference; fileEncoding = 4; lastKnownFileType = sourcecode.c.h; path = SwingProtocol.h; sourceTree = "<group>"; };
		67883641240A6AFB00E3AD8B /* SwingProtocol.m */ = {isa = PBXFileReference; fileEncoding = 4; lastKnownFileType = sourcecode.c.objc; path = SwingProtocol.m; sourceTree = "<group>"; };
		67883645240A6B0800E3AD8B /* DBInterface.m */ = {isa = PBXFileReference; fileEncoding = 4; lastKnownFileType = sourcecode.c.objc; path = DBInterface.m; sourceTree = "<group>"; };
		67883646240A6B0800E3AD8B /* DBInterface.h */ = {isa = PBXFileReference; fileEncoding = 4; lastKnownFileType = sourcecode.c.h; path = DBInterface.h; sourceTree = "<group>"; };
		67883648240A6B1100E3AD8B /* InventoryItems.h */ = {isa = PBXFileReference; fileEncoding = 4; lastKnownFileType = sourcecode.c.h; path = InventoryItems.h; sourceTree = "<group>"; };
		67883649240A6B1200E3AD8B /* InventoryItems.m */ = {isa = PBXFileReference; fileEncoding = 4; lastKnownFileType = sourcecode.c.objc; path = InventoryItems.m; sourceTree = "<group>"; };
/* End PBXFileReference section */

/* Begin PBXFrameworksBuildPhase section */
		678835F2240A5BD800E3AD8B /* Frameworks */ = {
			isa = PBXFrameworksBuildPhase;
			buildActionMask = 2147483647;
			files = (
			);
			runOnlyForDeploymentPostprocessing = 0;
		};
/* End PBXFrameworksBuildPhase section */

/* Begin PBXGroup section */
		678835EC240A5BD800E3AD8B = {
			isa = PBXGroup;
			children = (
				678835F7240A5BD800E3AD8B /* Swing-U RFID */,
				678835F6240A5BD800E3AD8B /* Products */,
			);
			sourceTree = "<group>";
		};
		678835F6240A5BD800E3AD8B /* Products */ = {
			isa = PBXGroup;
			children = (
				678835F5240A5BD800E3AD8B /* Swing-U RFID.app */,
			);
			name = Products;
			sourceTree = "<group>";
		};
		678835F7240A5BD800E3AD8B /* Swing-U RFID */ = {
			isa = PBXGroup;
			children = (
				67883611240A5C1C00E3AD8B /* Scanner List */,
				67883614240A5C3900E3AD8B /* Item Inventory */,
				67883617240A5C5000E3AD8B /* Tag Write */,
				6788361A240A5C5F00E3AD8B /* Inventory Management */,
				6788361D240A5C8500E3AD8B /* Tag List Search */,
				67883620240A5C9900E3AD8B /* Scanner Setting */,
				67883623240A5CAE00E3AD8B /* Memory Access */,
				67883634240A6ABB00E3AD8B /* Classes */,
				678835F8240A5BD800E3AD8B /* AppDelegate.swift */,
				678835FA240A5BD800E3AD8B /* SceneDelegate.swift */,
				67883600240A5BD800E3AD8B /* Main.storyboard */,
				67883606240A5BDD00E3AD8B /* Assets.xcassets */,
				67883608240A5BDD00E3AD8B /* LaunchScreen.storyboard */,
				6788360B240A5BDD00E3AD8B /* Info.plist */,
				67883603240A5BD800E3AD8B /* Swing_U_RFID.xcdatamodeld */,
			);
			path = "Swing-U RFID";
			sourceTree = "<group>";
		};
		67883611240A5C1C00E3AD8B /* Scanner List */ = {
			isa = PBXGroup;
			children = (
				67883612240A5C3100E3AD8B /* ScannerListViewController.swift */,
				67883626240A605800E3AD8B /* ScannerList.storyboard */,
			);
			path = "Scanner List";
			sourceTree = "<group>";
		};
		67883614240A5C3900E3AD8B /* Item Inventory */ = {
			isa = PBXGroup;
			children = (
				67883615240A5C4C00E3AD8B /* ItemInventoryViewController.swift */,
				67883628240A628D00E3AD8B /* ItemInventory.storyboard */,
			);
			path = "Item Inventory";
			sourceTree = "<group>";
		};
		67883617240A5C5000E3AD8B /* Tag Write */ = {
			isa = PBXGroup;
			children = (
				67883618240A5C5C00E3AD8B /* TagWriteViewController.swift */,
				6788362A240A62EE00E3AD8B /* TagWrite.storyboard */,
			);
			path = "Tag Write";
			sourceTree = "<group>";
		};
		6788361A240A5C5F00E3AD8B /* Inventory Management */ = {
			isa = PBXGroup;
			children = (
				6788361B240A5C7F00E3AD8B /* InventoryManagementViewController.swift */,
				6788362C240A639800E3AD8B /* InventoryManagement.storyboard */,
			);
			path = "Inventory Management";
			sourceTree = "<group>";
		};
		6788361D240A5C8500E3AD8B /* Tag List Search */ = {
			isa = PBXGroup;
			children = (
				6788361E240A5C9400E3AD8B /* TagListSearchViewController.swift */,
				6788362E240A63ED00E3AD8B /* TagListSearch.storyboard */,
			);
			path = "Tag List Search";
			sourceTree = "<group>";
		};
		67883620240A5C9900E3AD8B /* Scanner Setting */ = {
			isa = PBXGroup;
			children = (
				67883621240A5CA900E3AD8B /* ScannerSettingViewController.swift */,
				67883630240A644C00E3AD8B /* ScannerSetting.storyboard */,
			);
			path = "Scanner Setting";
			sourceTree = "<group>";
		};
		67883623240A5CAE00E3AD8B /* Memory Access */ = {
			isa = PBXGroup;
			children = (
				67883624240A5CBA00E3AD8B /* MemoryAccessViewController.swift */,
				67883632240A64BA00E3AD8B /* MemoryAccess.storyboard */,
			);
			path = "Memory Access";
			sourceTree = "<group>";
		};
		67883634240A6ABB00E3AD8B /* Classes */ = {
			isa = PBXGroup;
			children = (
				67883637240A6AD400E3AD8B /* BLEDevice.h */,
				67883636240A6AD400E3AD8B /* BLEDevice.m */,
				6788363A240A6AE600E3AD8B /* BLEUtility.h */,
				67883639240A6AE600E3AD8B /* BLEUtility.m */,
				67883646240A6B0800E3AD8B /* DBInterface.h */,
				67883645240A6B0800E3AD8B /* DBInterface.m */,
				67883648240A6B1100E3AD8B /* InventoryItems.h */,
				67883649240A6B1200E3AD8B /* InventoryItems.m */,
				6788363D240A6AFB00E3AD8B /* SwingApi.h */,
				6788363C240A6AFB00E3AD8B /* SwingApi.m */,
				6788363E240A6AFB00E3AD8B /* SwingDevice.h */,
				6788363F240A6AFB00E3AD8B /* SwingDevice.m */,
				67883640240A6AFB00E3AD8B /* SwingProtocol.h */,
				67883641240A6AFB00E3AD8B /* SwingProtocol.m */,
				67883635240A6AD300E3AD8B /* Swing-U RFID-Bridging-Header.h */,
			);
			path = Classes;
			sourceTree = "<group>";
		};
/* End PBXGroup section */

/* Begin PBXNativeTarget section */
		678835F4240A5BD800E3AD8B /* Swing-U RFID */ = {
			isa = PBXNativeTarget;
			buildConfigurationList = 6788360E240A5BDD00E3AD8B /* Build configuration list for PBXNativeTarget "Swing-U RFID" */;
			buildPhases = (
				678835F1240A5BD800E3AD8B /* Sources */,
				678835F2240A5BD800E3AD8B /* Frameworks */,
				678835F3240A5BD800E3AD8B /* Resources */,
			);
			buildRules = (
			);
			dependencies = (
			);
			name = "Swing-U RFID";
			productName = "Swing-U RFID";
			productReference = 678835F5240A5BD800E3AD8B /* Swing-U RFID.app */;
			productType = "com.apple.product-type.application";
		};
/* End PBXNativeTarget section */

/* Begin PBXProject section */
		678835ED240A5BD800E3AD8B /* Project object */ = {
			isa = PBXProject;
			attributes = {
				LastSwiftUpdateCheck = 1130;
				LastUpgradeCheck = 1130;
				ORGANIZATIONNAME = Busoft;
				TargetAttributes = {
					678835F4240A5BD800E3AD8B = {
						CreatedOnToolsVersion = 11.3.1;
						LastSwiftMigration = 1130;
					};
				};
			};
			buildConfigurationList = 678835F0240A5BD800E3AD8B /* Build configuration list for PBXProject "Swing-U RFID" */;
			compatibilityVersion = "Xcode 9.3";
			developmentRegion = en;
			hasScannedForEncodings = 0;
			knownRegions = (
				en,
				Base,
			);
			mainGroup = 678835EC240A5BD800E3AD8B;
			productRefGroup = 678835F6240A5BD800E3AD8B /* Products */;
			projectDirPath = "";
			projectRoot = "";
			targets = (
				678835F4240A5BD800E3AD8B /* Swing-U RFID */,
			);
		};
/* End PBXProject section */

/* Begin PBXResourcesBuildPhase section */
		678835F3240A5BD800E3AD8B /* Resources */ = {
			isa = PBXResourcesBuildPhase;
			buildActionMask = 2147483647;
			files = (
				6788360A240A5BDD00E3AD8B /* LaunchScreen.storyboard in Resources */,
				6788362B240A62EE00E3AD8B /* TagWrite.storyboard in Resources */,
				67883629240A628D00E3AD8B /* ItemInventory.storyboard in Resources */,
				67883607240A5BDD00E3AD8B /* Assets.xcassets in Resources */,
				6788362D240A639800E3AD8B /* InventoryManagement.storyboard in Resources */,
				67883631240A644C00E3AD8B /* ScannerSetting.storyboard in Resources */,
				6788362F240A63ED00E3AD8B /* TagListSearch.storyboard in Resources */,
				67883602240A5BD800E3AD8B /* Main.storyboard in Resources */,
				67883627240A605800E3AD8B /* ScannerList.storyboard in Resources */,
				67883633240A64BA00E3AD8B /* MemoryAccess.storyboard in Resources */,
			);
			runOnlyForDeploymentPostprocessing = 0;
		};
/* End PBXResourcesBuildPhase section */

/* Begin PBXSourcesBuildPhase section */
		678835F1240A5BD800E3AD8B /* Sources */ = {
			isa = PBXSourcesBuildPhase;
			buildActionMask = 2147483647;
			files = (
				6788361F240A5C9400E3AD8B /* TagListSearchViewController.swift in Sources */,
				67883625240A5CBA00E3AD8B /* MemoryAccessViewController.swift in Sources */,
				678835F9240A5BD800E3AD8B /* AppDelegate.swift in Sources */,
				6788361C240A5C7F00E3AD8B /* InventoryManagementViewController.swift in Sources */,
				67883616240A5C4C00E3AD8B /* ItemInventoryViewController.swift in Sources */,
				67883638240A6AD400E3AD8B /* BLEDevice.m in Sources */,
				6788363B240A6AE600E3AD8B /* BLEUtility.m in Sources */,
				67883605240A5BD800E3AD8B /* Swing_U_RFID.xcdatamodeld in Sources */,
				67883643240A6AFB00E3AD8B /* SwingDevice.m in Sources */,
				67883644240A6AFB00E3AD8B /* SwingProtocol.m in Sources */,
				6788364A240A6B1200E3AD8B /* InventoryItems.m in Sources */,
				67883619240A5C5C00E3AD8B /* TagWriteViewController.swift in Sources */,
				67883642240A6AFB00E3AD8B /* SwingApi.m in Sources */,
				678835FB240A5BD800E3AD8B /* SceneDelegate.swift in Sources */,
				67883613240A5C3100E3AD8B /* ScannerListViewController.swift in Sources */,
				67883622240A5CA900E3AD8B /* ScannerSettingViewController.swift in Sources */,
				67883647240A6B0800E3AD8B /* DBInterface.m in Sources */,
			);
			runOnlyForDeploymentPostprocessing = 0;
		};
/* End PBXSourcesBuildPhase section */

/* Begin PBXVariantGroup section */
		67883600240A5BD800E3AD8B /* Main.storyboard */ = {
			isa = PBXVariantGroup;
			children = (
				67883601240A5BD800E3AD8B /* Base */,
			);
			name = Main.storyboard;
			sourceTree = "<group>";
		};
		67883608240A5BDD00E3AD8B /* LaunchScreen.storyboard */ = {
			isa = PBXVariantGroup;
			children = (
				67883609240A5BDD00E3AD8B /* Base */,
			);
			name = LaunchScreen.storyboard;
			sourceTree = "<group>";
		};
/* End PBXVariantGroup section */

/* Begin XCBuildConfiguration section */
		6788360C240A5BDD00E3AD8B /* Debug */ = {
			isa = XCBuildConfiguration;
			buildSettings = {
				ALWAYS_SEARCH_USER_PATHS = NO;
				CLANG_ANALYZER_NONNULL = YES;
				CLANG_ANALYZER_NUMBER_OBJECT_CONVERSION = YES_AGGRESSIVE;
				CLANG_CXX_LANGUAGE_STANDARD = "gnu++14";
				CLANG_CXX_LIBRARY = "libc++";
				CLANG_ENABLE_MODULES = YES;
				CLANG_ENABLE_OBJC_ARC = YES;
				CLANG_ENABLE_OBJC_WEAK = YES;
				CLANG_WARN_BLOCK_CAPTURE_AUTORELEASING = YES;
				CLANG_WARN_BOOL_CONVERSION = YES;
				CLANG_WARN_COMMA = YES;
				CLANG_WARN_CONSTANT_CONVERSION = YES;
				CLANG_WARN_DEPRECATED_OBJC_IMPLEMENTATIONS = YES;
				CLANG_WARN_DIRECT_OBJC_ISA_USAGE = YES_ERROR;
				CLANG_WARN_DOCUMENTATION_COMMENTS = YES;
				CLANG_WARN_EMPTY_BODY = YES;
				CLANG_WARN_ENUM_CONVERSION = YES;
				CLANG_WARN_INFINITE_RECURSION = YES;
				CLANG_WARN_INT_CONVERSION = YES;
				CLANG_WARN_NON_LITERAL_NULL_CONVERSION = YES;
				CLANG_WARN_OBJC_IMPLICIT_RETAIN_SELF = YES;
				CLANG_WARN_OBJC_LITERAL_CONVERSION = YES;
				CLANG_WARN_OBJC_ROOT_CLASS = YES_ERROR;
				CLANG_WARN_RANGE_LOOP_ANALYSIS = YES;
				CLANG_WARN_STRICT_PROTOTYPES = YES;
				CLANG_WARN_SUSPICIOUS_MOVE = YES;
				CLANG_WARN_UNGUARDED_AVAILABILITY = YES_AGGRESSIVE;
				CLANG_WARN_UNREACHABLE_CODE = YES;
				CLANG_WARN__DUPLICATE_METHOD_MATCH = YES;
				COPY_PHASE_STRIP = NO;
				DEBUG_INFORMATION_FORMAT = dwarf;
				ENABLE_STRICT_OBJC_MSGSEND = YES;
				ENABLE_TESTABILITY = YES;
				GCC_C_LANGUAGE_STANDARD = gnu11;
				GCC_DYNAMIC_NO_PIC = NO;
				GCC_NO_COMMON_BLOCKS = YES;
				GCC_OPTIMIZATION_LEVEL = 0;
				GCC_PREPROCESSOR_DEFINITIONS = (
					"DEBUG=1",
					"$(inherited)",
				);
				GCC_WARN_64_TO_32_BIT_CONVERSION = YES;
				GCC_WARN_ABOUT_RETURN_TYPE = YES_ERROR;
				GCC_WARN_UNDECLARED_SELECTOR = YES;
				GCC_WARN_UNINITIALIZED_AUTOS = YES_AGGRESSIVE;
				GCC_WARN_UNUSED_FUNCTION = YES;
				GCC_WARN_UNUSED_VARIABLE = YES;
				IPHONEOS_DEPLOYMENT_TARGET = 13.2;
				MTL_ENABLE_DEBUG_INFO = INCLUDE_SOURCE;
				MTL_FAST_MATH = YES;
				ONLY_ACTIVE_ARCH = YES;
				SDKROOT = iphoneos;
				SWIFT_ACTIVE_COMPILATION_CONDITIONS = DEBUG;
				SWIFT_OPTIMIZATION_LEVEL = "-Onone";
			};
			name = Debug;
		};
		6788360D240A5BDD00E3AD8B /* Release */ = {
			isa = XCBuildConfiguration;
			buildSettings = {
				ALWAYS_SEARCH_USER_PATHS = NO;
				CLANG_ANALYZER_NONNULL = YES;
				CLANG_ANALYZER_NUMBER_OBJECT_CONVERSION = YES_AGGRESSIVE;
				CLANG_CXX_LANGUAGE_STANDARD = "gnu++14";
				CLANG_CXX_LIBRARY = "libc++";
				CLANG_ENABLE_MODULES = YES;
				CLANG_ENABLE_OBJC_ARC = YES;
				CLANG_ENABLE_OBJC_WEAK = YES;
				CLANG_WARN_BLOCK_CAPTURE_AUTORELEASING = YES;
				CLANG_WARN_BOOL_CONVERSION = YES;
				CLANG_WARN_COMMA = YES;
				CLANG_WARN_CONSTANT_CONVERSION = YES;
				CLANG_WARN_DEPRECATED_OBJC_IMPLEMENTATIONS = YES;
				CLANG_WARN_DIRECT_OBJC_ISA_USAGE = YES_ERROR;
				CLANG_WARN_DOCUMENTATION_COMMENTS = YES;
				CLANG_WARN_EMPTY_BODY = YES;
				CLANG_WARN_ENUM_CONVERSION = YES;
				CLANG_WARN_INFINITE_RECURSION = YES;
				CLANG_WARN_INT_CONVERSION = YES;
				CLANG_WARN_NON_LITERAL_NULL_CONVERSION = YES;
				CLANG_WARN_OBJC_IMPLICIT_RETAIN_SELF = YES;
				CLANG_WARN_OBJC_LITERAL_CONVERSION = YES;
				CLANG_WARN_OBJC_ROOT_CLASS = YES_ERROR;
				CLANG_WARN_RANGE_LOOP_ANALYSIS = YES;
				CLANG_WARN_STRICT_PROTOTYPES = YES;
				CLANG_WARN_SUSPICIOUS_MOVE = YES;
				CLANG_WARN_UNGUARDED_AVAILABILITY = YES_AGGRESSIVE;
				CLANG_WARN_UNREACHABLE_CODE = YES;
				CLANG_WARN__DUPLICATE_METHOD_MATCH = YES;
				COPY_PHASE_STRIP = NO;
				DEBUG_INFORMATION_FORMAT = "dwarf-with-dsym";
				ENABLE_NS_ASSERTIONS = NO;
				ENABLE_STRICT_OBJC_MSGSEND = YES;
				GCC_C_LANGUAGE_STANDARD = gnu11;
				GCC_NO_COMMON_BLOCKS = YES;
				GCC_WARN_64_TO_32_BIT_CONVERSION = YES;
				GCC_WARN_ABOUT_RETURN_TYPE = YES_ERROR;
				GCC_WARN_UNDECLARED_SELECTOR = YES;
				GCC_WARN_UNINITIALIZED_AUTOS = YES_AGGRESSIVE;
				GCC_WARN_UNUSED_FUNCTION = YES;
				GCC_WARN_UNUSED_VARIABLE = YES;
				IPHONEOS_DEPLOYMENT_TARGET = 13.2;
				MTL_ENABLE_DEBUG_INFO = NO;
				MTL_FAST_MATH = YES;
				SDKROOT = iphoneos;
				SWIFT_COMPILATION_MODE = wholemodule;
				SWIFT_OPTIMIZATION_LEVEL = "-O";
				VALIDATE_PRODUCT = YES;
			};
			name = Release;
		};
		6788360F240A5BDD00E3AD8B /* Debug */ = {
			isa = XCBuildConfiguration;
			buildSettings = {
				ASSETCATALOG_COMPILER_APPICON_NAME = AppIcon;
				CLANG_ENABLE_MODULES = YES;
				CODE_SIGN_STYLE = Automatic;
				DEVELOPMENT_TEAM = BJ8T457226;
				INFOPLIST_FILE = "Swing-U RFID/Info.plist";
				LD_RUNPATH_SEARCH_PATHS = (
					"$(inherited)",
					"@executable_path/Frameworks",
				);
				PRODUCT_BUNDLE_IDENTIFIER = "tr.com.busoft.Swing-U-RFID";
				PRODUCT_NAME = "$(TARGET_NAME)";
				SWIFT_OBJC_BRIDGING_HEADER = "Swing-U RFID/Classes/Swing-U RFID-Bridging-Header.h";
				SWIFT_OPTIMIZATION_LEVEL = "-Onone";
				SWIFT_VERSION = 5.0;
				TARGETED_DEVICE_FAMILY = "1,2";
			};
			name = Debug;
		};
		67883610240A5BDD00E3AD8B /* Release */ = {
			isa = XCBuildConfiguration;
			buildSettings = {
				ASSETCATALOG_COMPILER_APPICON_NAME = AppIcon;
				CLANG_ENABLE_MODULES = YES;
				CODE_SIGN_STYLE = Automatic;
				DEVELOPMENT_TEAM = BJ8T457226;
				INFOPLIST_FILE = "Swing-U RFID/Info.plist";
				LD_RUNPATH_SEARCH_PATHS = (
					"$(inherited)",
					"@executable_path/Frameworks",
				);
				PRODUCT_BUNDLE_IDENTIFIER = "tr.com.busoft.Swing-U-RFID";
				PRODUCT_NAME = "$(TARGET_NAME)";
				SWIFT_OBJC_BRIDGING_HEADER = "Swing-U RFID/Classes/Swing-U RFID-Bridging-Header.h";
				SWIFT_VERSION = 5.0;
				TARGETED_DEVICE_FAMILY = "1,2";
			};
			name = Release;
		};
/* End XCBuildConfiguration section */

/* Begin XCConfigurationList section */
		678835F0240A5BD800E3AD8B /* Build configuration list for PBXProject "Swing-U RFID" */ = {
			isa = XCConfigurationList;
			buildConfigurations = (
				6788360C240A5BDD00E3AD8B /* Debug */,
				6788360D240A5BDD00E3AD8B /* Release */,
			);
			defaultConfigurationIsVisible = 0;
			defaultConfigurationName = Release;
		};
		6788360E240A5BDD00E3AD8B /* Build configuration list for PBXNativeTarget "Swing-U RFID" */ = {
			isa = XCConfigurationList;
			buildConfigurations = (
				6788360F240A5BDD00E3AD8B /* Debug */,
				67883610240A5BDD00E3AD8B /* Release */,
			);
			defaultConfigurationIsVisible = 0;
			defaultConfigurationName = Release;
		};
/* End XCConfigurationList section */

/* Begin XCVersionGroup section */
		67883603240A5BD800E3AD8B /* Swing_U_RFID.xcdatamodeld */ = {
			isa = XCVersionGroup;
			children = (
				67883604240A5BD800E3AD8B /* Swing_U_RFID.xcdatamodel */,
			);
			currentVersion = 67883604240A5BD800E3AD8B /* Swing_U_RFID.xcdatamodel */;
			path = Swing_U_RFID.xcdatamodeld;
			sourceTree = "<group>";
			versionGroupType = wrapper.xcdatamodel;
		};
/* End XCVersionGroup section */
	};
	rootObject = 678835ED240A5BD800E3AD8B /* Project object */;
}
